name: Generate package-lock.json

on:
  workflow_dispatch:

permissions:
  contents: write

jobs:
  lockfile:
    runs-on: ubuntu-latest
    steps:
      - name: Checkout
        uses: actions/checkout@v4

      - name: Setup Node
        uses: actions/setup-node@v4
        with:
          node-version: "20"

      - name: Clean install to generate lockfile
        run: |
          rm -rf node_modules package-lock.json
          npm install

      - name: Commit lockfile
        run: |
          git config user.name "github-actions[bot]"
          git config user.email "github-actions[bot]@users.noreply.github.com"

          git add package-lock.json

          # Commit only if package-lock.json changed
          if git diff --cached --quiet; then
            echo "No lockfile changes to commit."
            exit 0
          fi

          git commit -m "chore: generate package-lock.json"
          git push

